Microsoft Visual Studio Solution File, Format Version 11.00
# Visual Studio 2008

Project("{22664266-B2B2-3424-9C28-BD165C549F4B}") = "LeapMotionArquitecture", "Assembly-CSharp.csproj", "{F58C68F8-564B-D45E-5883-A80827132E66}"
EndProject
Project("{22664266-B2B2-3424-9C28-BD165C549F4B}") = "LeapMotionArquitecture", "Assembly-CSharp-Editor.csproj", "{568CAA31-9D4F-51ED-6141-F46298691581}"
EndProject
Global
	GlobalSection(SolutionConfigurationPlatforms) = preSolution
		Debug|Any CPU = Debug|Any CPU
		Release|Any CPU = Release|Any CPU
	EndGlobalSection
	GlobalSection(ProjectConfigurationPlatforms) = postSolution
		{F58C68F8-564B-D45E-5883-A80827132E66}.Debug|Any CPU.ActiveCfg = Debug|Any CPU
		{F58C68F8-564B-D45E-5883-A80827132E66}.Debug|Any CPU.Build.0 = Debug|Any CPU
		{F58C68F8-564B-D45E-5883-A80827132E66}.Release|Any CPU.ActiveCfg = Release|Any CPU
		{F58C68F8-564B-D45E-5883-A80827132E66}.Release|Any CPU.Build.0 = Release|Any CPU
		{568CAA31-9D4F-51ED-6141-F46298691581}.Debug|Any CPU.ActiveCfg = Debug|Any CPU
		{568CAA31-9D4F-51ED-6141-F46298691581}.Debug|Any CPU.Build.0 = Debug|Any CPU
		{568CAA31-9D4F-51ED-6141-F46298691581}.Release|Any CPU.ActiveCfg = Release|Any CPU
		{568CAA31-9D4F-51ED-6141-F46298691581}.Release|Any CPU.Build.0 = Release|Any CPU
	EndGlobalSection
	GlobalSection(SolutionProperties) = preSolution
		HideSolutionNode = FALSE
	EndGlobalSection
	GlobalSection(MonoDevelopProperties) = preSolution
		StartupItem = Assembly-CSharp.csproj
	EndGlobalSection
EndGlobal
